// !$*UTF8*$!
{
	archiveVersion = 1;
	classes = {
	};
	objectVersion = 46;
	objects = {

/* Begin PBXBuildFile section */
		A016A5A91E9D7D760064772E /* AppDelegate.swift in Sources */ = {isa = PBXBuildFile; fileRef = A016A5A81E9D7D760064772E /* AppDelegate.swift */; };
		A016A5AB1E9D7D760064772E /* ViewController.swift in Sources */ = {isa = PBXBuildFile; fileRef = A016A5AA1E9D7D760064772E /* ViewController.swift */; };
		A016A5AE1E9D7D760064772E /* Main.storyboard in Resources */ = {isa = PBXBuildFile; fileRef = A016A5AC1E9D7D760064772E /* Main.storyboard */; };
		A016A5B01E9D7D760064772E /* Assets.xcassets in Resources */ = {isa = PBXBuildFile; fileRef = A016A5AF1E9D7D760064772E /* Assets.xcassets */; };
		A016A5B31E9D7D760064772E /* LaunchScreen.storyboard in Resources */ = {isa = PBXBuildFile; fileRef = A016A5B11E9D7D760064772E /* LaunchScreen.storyboard */; };
		A06981081E9DF02700201F4B /* LoginViewController.swift in Sources */ = {isa = PBXBuildFile; fileRef = A06981071E9DF02700201F4B /* LoginViewController.swift */; };
		A069810C1E9E064700201F4B /* User.swift in Sources */ = {isa = PBXBuildFile; fileRef = A069810B1E9E064700201F4B /* User.swift */; };
		A069810E1E9E065400201F4B /* Tweet.swift in Sources */ = {isa = PBXBuildFile; fileRef = A069810D1E9E065400201F4B /* Tweet.swift */; };
		A06981101E9E0FDD00201F4B /* TwitterClient.swift in Sources */ = {isa = PBXBuildFile; fileRef = A069810F1E9E0FDD00201F4B /* TwitterClient.swift */; };
		E720112BFCA96579DD4FE778 /* Pods_TwitterClient.framework in Frameworks */ = {isa = PBXBuildFile; fileRef = 1DBA3D1C16EF64621C2482FA /* Pods_TwitterClient.framework */; };
/* End PBXBuildFile section */

/* Begin PBXFileReference section */
		1DBA3D1C16EF64621C2482FA /* Pods_TwitterClient.framework */ = {isa = PBXFileReference; explicitFileType = wrapper.framework; includeInIndex = 0; path = Pods_TwitterClient.framework; sourceTree = BUILT_PRODUCTS_DIR; };
		A016A5A51E9D7D760064772E /* TwitterClient.app */ = {isa = PBXFileReference; explicitFileType = wrapper.application; includeInIndex = 0; path = TwitterClient.app; sourceTree = BUILT_PRODUCTS_DIR; };
		A016A5A81E9D7D760064772E /* AppDelegate.swift */ = {isa = PBXFileReference; lastKnownFileType = sourcecode.swift; path = AppDelegate.swift; sourceTree = "<group>"; };
		A016A5AA1E9D7D760064772E /* ViewController.swift */ = {isa = PBXFileReference; lastKnownFileType = sourcecode.swift; path = ViewController.swift; sourceTree = "<group>"; };
		A016A5AD1E9D7D760064772E /* Base */ = {isa = PBXFileReference; lastKnownFileType = file.storyboard; name = Base; path = Base.lproj/Main.storyboard; sourceTree = "<group>"; };
		A016A5AF1E9D7D760064772E /* Assets.xcassets */ = {isa = PBXFileReference; lastKnownFileType = folder.assetcatalog; path = Assets.xcassets; sourceTree = "<group>"; };
		A016A5B21E9D7D760064772E /* Base */ = {isa = PBXFileReference; lastKnownFileType = file.storyboard; name = Base; path = Base.lproj/LaunchScreen.storyboard; sourceTree = "<group>"; };
		A016A5B41E9D7D760064772E /* Info.plist */ = {isa = PBXFileReference; lastKnownFileType = text.plist.xml; path = Info.plist; sourceTree = "<group>"; };
		A06981071E9DF02700201F4B /* LoginViewController.swift */ = {isa = PBXFileReference; fileEncoding = 4; lastKnownFileType = sourcecode.swift; path = LoginViewController.swift; sourceTree = "<group>"; };
		A069810B1E9E064700201F4B /* User.swift */ = {isa = PBXFileReference; fileEncoding = 4; lastKnownFileType = sourcecode.swift; path = User.swift; sourceTree = "<group>"; };
		A069810D1E9E065400201F4B /* Tweet.swift */ = {isa = PBXFileReference; fileEncoding = 4; lastKnownFileType = sourcecode.swift; path = Tweet.swift; sourceTree = "<group>"; };
		A069810F1E9E0FDD00201F4B /* TwitterClient.swift */ = {isa = PBXFileReference; fileEncoding = 4; lastKnownFileType = sourcecode.swift; path = TwitterClient.swift; sourceTree = "<group>"; };
		B0462B915CFE292DE7F93A3B /* Pods-TwitterClient.debug.xcconfig */ = {isa = PBXFileReference; includeInIndex = 1; lastKnownFileType = text.xcconfig; name = "Pods-TwitterClient.debug.xcconfig"; path = "Pods/Target Support Files/Pods-TwitterClient/Pods-TwitterClient.debug.xcconfig"; sourceTree = "<group>"; };
		F6239B95AE4D1DCF11704C88 /* Pods-TwitterClient.release.xcconfig */ = {isa = PBXFileReference; includeInIndex = 1; lastKnownFileType = text.xcconfig; name = "Pods-TwitterClient.release.xcconfig"; path = "Pods/Target Support Files/Pods-TwitterClient/Pods-TwitterClient.release.xcconfig"; sourceTree = "<group>"; };
/* End PBXFileReference section */

/* Begin PBXFrameworksBuildPhase section */
		A016A5A21E9D7D760064772E /* Frameworks */ = {
			isa = PBXFrameworksBuildPhase;
			buildActionMask = 2147483647;
			files = (
				E720112BFCA96579DD4FE778 /* Pods_TwitterClient.framework in Frameworks */,
			);
			runOnlyForDeploymentPostprocessing = 0;
		};
/* End PBXFrameworksBuildPhase section */

/* Begin PBXGroup section */
		1813E9B14713C464EFF6D51D /* Frameworks */ = {
			isa = PBXGroup;
			children = (
				1DBA3D1C16EF64621C2482FA /* Pods_TwitterClient.framework */,
			);
			name = Frameworks;
			sourceTree = "<group>";
		};
		A016A59C1E9D7D750064772E = {
			isa = PBXGroup;
			children = (
				A016A5A71E9D7D760064772E /* TwitterClient */,
				A016A5A61E9D7D760064772E /* Products */,
				A413D81DC59FE6209CE64EF5 /* Pods */,
				1813E9B14713C464EFF6D51D /* Frameworks */,
			);
			sourceTree = "<group>";
		};
		A016A5A61E9D7D760064772E /* Products */ = {
			isa = PBXGroup;
			children = (
				A016A5A51E9D7D760064772E /* TwitterClient.app */,
			);
			name = Products;
			sourceTree = "<group>";
		};
		A016A5A71E9D7D760064772E /* TwitterClient */ = {
			isa = PBXGroup;
			children = (
				A069810A1E9E061000201F4B /* API */,
				A06981091E9E060300201F4B /* Models */,
				A06981061E9DF00B00201F4B /* Controller */,
				A016A5A81E9D7D760064772E /* AppDelegate.swift */,
				A016A5AC1E9D7D760064772E /* Main.storyboard */,
				A016A5AF1E9D7D760064772E /* Assets.xcassets */,
				A016A5B11E9D7D760064772E /* LaunchScreen.storyboard */,
				A016A5B41E9D7D760064772E /* Info.plist */,
			);
			path = TwitterClient;
			sourceTree = "<group>";
		};
		A06981061E9DF00B00201F4B /* Controller */ = {
			isa = PBXGroup;
			children = (
				A016A5AA1E9D7D760064772E /* ViewController.swift */,
				A06981071E9DF02700201F4B /* LoginViewController.swift */,
			);
			name = Controller;
			sourceTree = "<group>";
		};
		A06981091E9E060300201F4B /* Models */ = {
			isa = PBXGroup;
			children = (
				A069810B1E9E064700201F4B /* User.swift */,
				A069810D1E9E065400201F4B /* Tweet.swift */,
			);
			name = Models;
			sourceTree = "<group>";
		};
		A069810A1E9E061000201F4B /* API */ = {
			isa = PBXGroup;
			children = (
				A069810F1E9E0FDD00201F4B /* TwitterClient.swift */,
			);
			name = API;
			sourceTree = "<group>";
		};
		A413D81DC59FE6209CE64EF5 /* Pods */ = {
			isa = PBXGroup;
			children = (
				B0462B915CFE292DE7F93A3B /* Pods-TwitterClient.debug.xcconfig */,
				F6239B95AE4D1DCF11704C88 /* Pods-TwitterClient.release.xcconfig */,
			);
			name = Pods;
			sourceTree = "<group>";
		};
/* End PBXGroup section */

/* Begin PBXNativeTarget section */
		A016A5A41E9D7D760064772E /* TwitterClient */ = {
			isa = PBXNativeTarget;
			buildConfigurationList = A016A5B71E9D7D760064772E /* Build configuration list for PBXNativeTarget "TwitterClient" */;
			buildPhases = (
				0152F0499C93EC5688381008 /* [CP] Check Pods Manifest.lock */,
				A016A5A11E9D7D760064772E /* Sources */,
				A016A5A21E9D7D760064772E /* Frameworks */,
				A016A5A31E9D7D760064772E /* Resources */,
				0A44564EA90C984DB78CDECA /* [CP] Embed Pods Frameworks */,
				09605F048BDD63C7F548A15B /* [CP] Copy Pods Resources */,
			);
			buildRules = (
			);
			dependencies = (
			);
			name = TwitterClient;
			productName = TwitterClient;
			productReference = A016A5A51E9D7D760064772E /* TwitterClient.app */;
			productType = "com.apple.product-type.application";
		};
/* End PBXNativeTarget section */

/* Begin PBXProject section */
		A016A59D1E9D7D750064772E /* Project object */ = {
			isa = PBXProject;
			attributes = {
				LastSwiftUpdateCheck = 0820;
				LastUpgradeCheck = 0820;
				ORGANIZATIONNAME = "Kumawat, Diwakar";
				TargetAttributes = {
					A016A5A41E9D7D760064772E = {
						CreatedOnToolsVersion = 8.2.1;
						ProvisioningStyle = Automatic;
					};
				};
			};
			buildConfigurationList = A016A5A01E9D7D750064772E /* Build configuration list for PBXProject "TwitterClient" */;
			compatibilityVersion = "Xcode 3.2";
			developmentRegion = English;
			hasScannedForEncodings = 0;
			knownRegions = (
				en,
				Base,
			);
			mainGroup = A016A59C1E9D7D750064772E;
			productRefGroup = A016A5A61E9D7D760064772E /* Products */;
			projectDirPath = "";
			projectRoot = "";
			targets = (
				A016A5A41E9D7D760064772E /* TwitterClient */,
			);
		};
/* End PBXProject section */

/* Begin PBXResourcesBuildPhase section */
		A016A5A31E9D7D760064772E /* Resources */ = {
			isa = PBXResourcesBuildPhase;
			buildActionMask = 2147483647;
			files = (
				A016A5B31E9D7D760064772E /* LaunchScreen.storyboard in Resources */,
				A016A5B01E9D7D760064772E /* Assets.xcassets in Resources */,
				A016A5AE1E9D7D760064772E /* Main.storyboard in Resources */,
			);
			runOnlyForDeploymentPostprocessing = 0;
		};
/* End PBXResourcesBuildPhase section */

/* Begin PBXShellScriptBuildPhase section */
		0152F0499C93EC5688381008 /* [CP] Check Pods Manifest.lock */ = {
			isa = PBXShellScriptBuildPhase;
			buildActionMask = 2147483647;
			files = (
			);
			inputPaths = (
			);
			name = "[CP] Check Pods Manifest.lock";
			outputPaths = (
			);
			runOnlyForDeploymentPostprocessing = 0;
			shellPath = /bin/sh;
			shellScript = "diff \"${PODS_ROOT}/../Podfile.lock\" \"${PODS_ROOT}/Manifest.lock\" > /dev/null\nif [ $? != 0 ] ; then\n    # print error to STDERR\n    echo \"error: The sandbox is not in sync with the Podfile.lock. Run 'pod install' or update your CocoaPods installation.\" >&2\n    exit 1\nfi\n";
			showEnvVarsInLog = 0;
		};
		09605F048BDD63C7F548A15B /* [CP] Copy Pods Resources */ = {
			isa = PBXShellScriptBuildPhase;
			buildActionMask = 2147483647;
			files = (
			);
			inputPaths = (
			);
			name = "[CP] Copy Pods Resources";
			outputPaths = (
			);
			runOnlyForDeploymentPostprocessing = 0;
			shellPath = /bin/sh;
			shellScript = "\"${SRCROOT}/Pods/Target Support Files/Pods-TwitterClient/Pods-TwitterClient-resources.sh\"\n";
			showEnvVarsInLog = 0;
		};
		0A44564EA90C984DB78CDECA /* [CP] Embed Pods Frameworks */ = {
			isa = PBXShellScriptBuildPhase;
			buildActionMask = 2147483647;
			files = (
			);
			inputPaths = (
			);
			name = "[CP] Embed Pods Frameworks";
			outputPaths = (
			);
			runOnlyForDeploymentPostprocessing = 0;
			shellPath = /bin/sh;
			shellScript = "\"${SRCROOT}/Pods/Target Support Files/Pods-TwitterClient/Pods-TwitterClient-frameworks.sh\"\n";
			showEnvVarsInLog = 0;
		};
/* End PBXShellScriptBuildPhase section */

/* Begin PBXSourcesBuildPhase section */
		A016A5A11E9D7D760064772E /* Sources */ = {
			isa = PBXSourcesBuildPhase;
			buildActionMask = 2147483647;
			files = (
				A069810C1E9E064700201F4B /* User.swift in Sources */,
				A069810E1E9E065400201F4B /* Tweet.swift in Sources */,
				A06981081E9DF02700201F4B /* LoginViewController.swift in Sources */,
				A016A5AB1E9D7D760064772E /* ViewController.swift in Sources */,
				A06981101E9E0FDD00201F4B /* TwitterClient.swift in Sources */,
				A016A5A91E9D7D760064772E /* AppDelegate.swift in Sources */,
			);
			runOnlyForDeploymentPostprocessing = 0;
		};
/* End PBXSourcesBuildPhase section */

/* Begin PBXVariantGroup section */
		A016A5AC1E9D7D760064772E /* Main.storyboard */ = {
			isa = PBXVariantGroup;
			children = (
				A016A5AD1E9D7D760064772E /* Base */,
			);
			name = Main.storyboard;
			sourceTree = "<group>";
		};
		A016A5B11E9D7D760064772E /* LaunchScreen.storyboard */ = {
			isa = PBXVariantGroup;
			children = (
				A016A5B21E9D7D760064772E /* Base */,
			);
			name = LaunchScreen.storyboard;
			sourceTree = "<group>";
		};
/* End PBXVariantGroup section */

/* Begin XCBuildConfiguration section */
		A016A5B51E9D7D760064772E /* Debug */ = {
			isa = XCBuildConfiguration;
			buildSettings = {
				ALWAYS_SEARCH_USER_PATHS = NO;
				CLANG_ANALYZER_NONNULL = YES;
				CLANG_CXX_LANGUAGE_STANDARD = "gnu++0x";
				CLANG_CXX_LIBRARY = "libc++";
				CLANG_ENABLE_MODULES = YES;
				CLANG_ENABLE_OBJC_ARC = YES;
				CLANG_WARN_BOOL_CONVERSION = YES;
				CLANG_WARN_CONSTANT_CONVERSION = YES;
				CLANG_WARN_DIRECT_OBJC_ISA_USAGE = YES_ERROR;
				CLANG_WARN_DOCUMENTATION_COMMENTS = YES;
				CLANG_WARN_EMPTY_BODY = YES;
				CLANG_WARN_ENUM_CONVERSION = YES;
				CLANG_WARN_INFINITE_RECURSION = YES;
				CLANG_WARN_INT_CONVERSION = YES;
				CLANG_WARN_OBJC_ROOT_CLASS = YES_ERROR;
				CLANG_WARN_SUSPICIOUS_MOVE = YES;
				CLANG_WARN_UNREACHABLE_CODE = YES;
				CLANG_WARN__DUPLICATE_METHOD_MATCH = YES;
				"CODE_SIGN_IDENTITY[sdk=iphoneos*]" = "iPhone Developer";
				COPY_PHASE_STRIP = NO;
				DEBUG_INFORMATION_FORMAT = dwarf;
				ENABLE_STRICT_OBJC_MSGSEND = YES;
				ENABLE_TESTABILITY = YES;
				GCC_C_LANGUAGE_STANDARD = gnu99;
				GCC_DYNAMIC_NO_PIC = NO;
				GCC_NO_COMMON_BLOCKS = YES;
				GCC_OPTIMIZATION_LEVEL = 0;
				GCC_PREPROCESSOR_DEFINITIONS = (
					"DEBUG=1",
					"$(inherited)",
				);
				GCC_WARN_64_TO_32_BIT_CONVERSION = YES;
				GCC_WARN_ABOUT_RETURN_TYPE = YES_ERROR;
				GCC_WARN_UNDECLARED_SELECTOR = YES;
				GCC_WARN_UNINITIALIZED_AUTOS = YES_AGGRESSIVE;
				GCC_WARN_UNUSED_FUNCTION = YES;
				GCC_WARN_UNUSED_VARIABLE = YES;
				IPHONEOS_DEPLOYMENT_TARGET = 10.2;
				MTL_ENABLE_DEBUG_INFO = YES;
				ONLY_ACTIVE_ARCH = YES;
				SDKROOT = iphoneos;
				SWIFT_ACTIVE_COMPILATION_CONDITIONS = DEBUG;
				SWIFT_OPTIMIZATION_LEVEL = "-Onone";
			};
			name = Debug;
		};
		A016A5B61E9D7D760064772E /* Release */ = {
			isa = XCBuildConfiguration;
			buildSettings = {
				ALWAYS_SEARCH_USER_PATHS = NO;
				CLANG_ANALYZER_NONNULL = YES;
				CLANG_CXX_LANGUAGE_STANDARD = "gnu++0x";
				CLANG_CXX_LIBRARY = "libc++";
				CLANG_ENABLE_MODULES = YES;
				CLANG_ENABLE_OBJC_ARC = YES;
				CLANG_WARN_BOOL_CONVERSION = YES;
				CLANG_WARN_CONSTANT_CONVERSION = YES;
				CLANG_WARN_DIRECT_OBJC_ISA_USAGE = YES_ERROR;
				CLANG_WARN_DOCUMENTATION_COMMENTS = YES;
				CLANG_WARN_EMPTY_BODY = YES;
				CLANG_WARN_ENUM_CONVERSION = YES;
				CLANG_WARN_INFINITE_RECURSION = YES;
				CLANG_WARN_INT_CONVERSION = YES;
				CLANG_WARN_OBJC_ROOT_CLASS = YES_ERROR;
				CLANG_WARN_SUSPICIOUS_MOVE = YES;
				CLANG_WARN_UNREACHABLE_CODE = YES;
				CLANG_WARN__DUPLICATE_METHOD_MATCH = YES;
				"CODE_SIGN_IDENTITY[sdk=iphoneos*]" = "iPhone Developer";
				COPY_PHASE_STRIP = NO;
				DEBUG_INFORMATION_FORMAT = "dwarf-with-dsym";
				ENABLE_NS_ASSERTIONS = NO;
				ENABLE_STRICT_OBJC_MSGSEND = YES;
				GCC_C_LANGUAGE_STANDARD = gnu99;
				GCC_NO_COMMON_BLOCKS = YES;
				GCC_WARN_64_TO_32_BIT_CONVERSION = YES;
				GCC_WARN_ABOUT_RETURN_TYPE = YES_ERROR;
				GCC_WARN_UNDECLARED_SELECTOR = YES;
				GCC_WARN_UNINITIALIZED_AUTOS = YES_AGGRESSIVE;
				GCC_WARN_UNUSED_FUNCTION = YES;
				GCC_WARN_UNUSED_VARIABLE = YES;
				IPHONEOS_DEPLOYMENT_TARGET = 10.2;
				MTL_ENABLE_DEBUG_INFO = NO;
				SDKROOT = iphoneos;
				SWIFT_OPTIMIZATION_LEVEL = "-Owholemodule";
				VALIDATE_PRODUCT = YES;
			};
			name = Release;
		};
		A016A5B81E9D7D760064772E /* Debug */ = {
			isa = XCBuildConfiguration;
			baseConfigurationReference = B0462B915CFE292DE7F93A3B /* Pods-TwitterClient.debug.xcconfig */;
			buildSettings = {
				ASSETCATALOG_COMPILER_APPICON_NAME = AppIcon;
				INFOPLIST_FILE = TwitterClient/Info.plist;
				LD_RUNPATH_SEARCH_PATHS = "$(inherited) @executable_path/Frameworks";
				PRODUCT_BUNDLE_IDENTIFIER = Intuit.TwitterClient;
				PRODUCT_NAME = "$(TARGET_NAME)";
				SWIFT_VERSION = 3.0;
			};
			name = Debug;
		};
		A016A5B91E9D7D760064772E /* Release */ = {
			isa = XCBuildConfiguration;
			baseConfigurationReference = F6239B95AE4D1DCF11704C88 /* Pods-TwitterClient.release.xcconfig */;
			buildSettings = {
				ASSETCATALOG_COMPILER_APPICON_NAME = AppIcon;
				INFOPLIST_FILE = TwitterClient/Info.plist;
				LD_RUNPATH_SEARCH_PATHS = "$(inherited) @executable_path/Frameworks";
				PRODUCT_BUNDLE_IDENTIFIER = Intuit.TwitterClient;
				PRODUCT_NAME = "$(TARGET_NAME)";
				SWIFT_VERSION = 3.0;
			};
			name = Release;
		};
/* End XCBuildConfiguration section */

/* Begin XCConfigurationList section */
		A016A5A01E9D7D750064772E /* Build configuration list for PBXProject "TwitterClient" */ = {
			isa = XCConfigurationList;
			buildConfigurations = (
				A016A5B51E9D7D760064772E /* Debug */,
				A016A5B61E9D7D760064772E /* Release */,
			);
			defaultConfigurationIsVisible = 0;
			defaultConfigurationName = Release;
		};
		A016A5B71E9D7D760064772E /* Build configuration list for PBXNativeTarget "TwitterClient" */ = {
			isa = XCConfigurationList;
			buildConfigurations = (
				A016A5B81E9D7D760064772E /* Debug */,
				A016A5B91E9D7D760064772E /* Release */,
			);
			defaultConfigurationIsVisible = 0;
			defaultConfigurationName = Release;
		};
/* End XCConfigurationList section */
	};
	rootObject = A016A59D1E9D7D750064772E /* Project object */;
}
